
Microsoft Visual Studio Solution File, Format Version 12.00
# Visual Studio Version 17
VisualStudioVersion = 17.5.33424.131
MinimumVisualStudioVersion = 10.0.40219.1
Project("{8BC9CEB8-8B4A-11D0-8D11-00A0C91BC942}") = "lab4sp", "lab4sp.vcxproj", "{4BFDF26C-DDA5-4CCA-B03C-9F15C9502904}"
EndProject
Global
	GlobalSection(SolutionConfigurationPlatforms) = preSolution
		Debug|x64 = Debug|x64
		Debug|x86 = Debug|x86
		Release|x64 = Release|x64
		Release|x86 = Release|x86
	EndGlobalSection
	GlobalSection(ProjectConfigurationPlatforms) = postSolution
		{4BFDF26C-DDA5-4CCA-B03C-9F15C9502904}.Debug|x64.ActiveCfg = Debug|x64
		{4BFDF26C-DDA5-4CCA-B03C-9F15C9502904}.Debug|x64.Build.0 = Debug|x64
		{4BFDF26C-DDA5-4CCA-B03C-9F15C9502904}.Debug|x86.ActiveCfg = Debug|Win32
		{4BFDF26C-DDA5-4CCA-B03C-9F15C9502904}.Debug|x86.Build.0 = Debug|Win32
		{4BFDF26C-DDA5-4CCA-B03C-9F15C9502904}.Release|x64.ActiveCfg = Release|x64
		{4BFDF26C-DDA5-4CCA-B03C-9F15C9502904}.Release|x64.Build.0 = Release|x64
		{4BFDF26C-DDA5-4CCA-B03C-9F15C9502904}.Release|x86.ActiveCfg = Release|Win32
		{4BFDF26C-DDA5-4CCA-B03C-9F15C9502904}.Release|x86.Build.0 = Release|Win32
	EndGlobalSection
	GlobalSection(SolutionProperties) = preSolution
		HideSolutionNode = FALSE
	EndGlobalSection
	GlobalSection(ExtensibilityGlobals) = postSolution
		SolutionGuid = {8E3ED412-6B53-4C13-A31C-BA8F5A1126AF}
	EndGlobalSection
EndGlobal
